
Microsoft Visual Studio Solution File, Format Version 12.00
# Visual Studio Version 17
VisualStudioVersion = 17.9.34728.123
MinimumVisualStudioVersion = 10.0.40219.1
Project("{9A19103F-16F7-4668-BE54-9A1E7A4F7556}") = "Dolgozat", "Dolgozat.csproj", "{76517FB4-57C6-414A-A496-45395BABC9E3}"
EndProject
Global
	GlobalSection(SolutionConfigurationPlatforms) = preSolution
		Debug|Any CPU = Debug|Any CPU
		Release|Any CPU = Release|Any CPU
	EndGlobalSection
	GlobalSection(ProjectConfigurationPlatforms) = postSolution
		{76517FB4-57C6-414A-A496-45395BABC9E3}.Debug|Any CPU.ActiveCfg = Debug|Any CPU
		{76517FB4-57C6-414A-A496-45395BABC9E3}.Debug|Any CPU.Build.0 = Debug|Any CPU
		{76517FB4-57C6-414A-A496-45395BABC9E3}.Release|Any CPU.ActiveCfg = Release|Any CPU
		{76517FB4-57C6-414A-A496-45395BABC9E3}.Release|Any CPU.Build.0 = Release|Any CPU
	EndGlobalSection
	GlobalSection(SolutionProperties) = preSolution
		HideSolutionNode = FALSE
	EndGlobalSection
	GlobalSection(ExtensibilityGlobals) = postSolution
		SolutionGuid = {9B989961-0765-49D1-98E1-0CFACD78A3CA}
	EndGlobalSection
EndGlobal
